// !$*UTF8*$!
{
	archiveVersion = 1;
	classes = {
	};
	objectVersion = 48;
	objects = {

/* Begin PBXBuildFile section */
		5904D711202EA9E80063954A /* AnchoraAnchorPair.swift in Sources */ = {isa = PBXBuildFile; fileRef = 5904D710202EA9E80063954A /* AnchoraAnchorPair.swift */; };
		5904D713202F93DB0063954A /* NSLayoutConstraint.swift in Sources */ = {isa = PBXBuildFile; fileRef = 5904D712202F93DB0063954A /* NSLayoutConstraint.swift */; };
		5904FAEE202E23B500F41421 /* AnchoraContextRepresentable.swift in Sources */ = {isa = PBXBuildFile; fileRef = 5904FAED202E23B500F41421 /* AnchoraContextRepresentable.swift */; };
		5904FAF5202E68C900F41421 /* Operators.swift in Sources */ = {isa = PBXBuildFile; fileRef = 5904FAF4202E68C900F41421 /* Operators.swift */; };
		5917A63B202BEF5D00394F6A /* Anchora.h in Headers */ = {isa = PBXBuildFile; fileRef = 5917A639202BEF5D00394F6A /* Anchora.h */; settings = {ATTRIBUTES = (Public, ); }; };
		5917A645202BEF9E00394F6A /* UILayoutElement.swift in Sources */ = {isa = PBXBuildFile; fileRef = 5917A643202BEF9E00394F6A /* UILayoutElement.swift */; };
		5917A647202BEFB700394F6A /* NSLayoutXAxisAnchor.swift in Sources */ = {isa = PBXBuildFile; fileRef = 5917A646202BEFB700394F6A /* NSLayoutXAxisAnchor.swift */; };
		5917A650202BF9CE00394F6A /* AnchoraContext.swift in Sources */ = {isa = PBXBuildFile; fileRef = 5917A64F202BF9CE00394F6A /* AnchoraContext.swift */; };
		593E5A6C2032961B009AC391 /* AnchoraConstraintContext.swift in Sources */ = {isa = PBXBuildFile; fileRef = 593E5A6B2032961B009AC391 /* AnchoraConstraintContext.swift */; };
		593E5A6E20338704009AC391 /* NSLayoutAnchor.swift in Sources */ = {isa = PBXBuildFile; fileRef = 593E5A6D20338704009AC391 /* NSLayoutAnchor.swift */; };
		593FC9A220368A6100B55E38 /* AnchoraInterpolatedRelation.swift in Sources */ = {isa = PBXBuildFile; fileRef = 593FC9A120368A6100B55E38 /* AnchoraInterpolatedRelation.swift */; };
		599FFBEF203C57DE008ECA1B /* RelationRepresentable.swift in Sources */ = {isa = PBXBuildFile; fileRef = 599FFBEE203C57DE008ECA1B /* RelationRepresentable.swift */; };
		59B466D6202C022D00B114F9 /* NSLayoutYAxisAnchor.swift in Sources */ = {isa = PBXBuildFile; fileRef = 59B466D5202C022D00B114F9 /* NSLayoutYAxisAnchor.swift */; };
		59B466D8202C04C000B114F9 /* NSLayoutDimension.swift in Sources */ = {isa = PBXBuildFile; fileRef = 59B466D7202C04C000B114F9 /* NSLayoutDimension.swift */; };
		59C442D82030EC6D004718A9 /* AnchoraAnchorQuartet.swift in Sources */ = {isa = PBXBuildFile; fileRef = 59C442D72030EC6D004718A9 /* AnchoraAnchorQuartet.swift */; };
		59F09D862103088D00D2B1A2 /* NumericConvertible.swift in Sources */ = {isa = PBXBuildFile; fileRef = 59F09D852103088D00D2B1A2 /* NumericConvertible.swift */; };
/* End PBXBuildFile section */

/* Begin PBXFileReference section */
		5904D710202EA9E80063954A /* AnchoraAnchorPair.swift */ = {isa = PBXFileReference; lastKnownFileType = sourcecode.swift; path = AnchoraAnchorPair.swift; sourceTree = "<group>"; };
		5904D712202F93DB0063954A /* NSLayoutConstraint.swift */ = {isa = PBXFileReference; lastKnownFileType = sourcecode.swift; path = NSLayoutConstraint.swift; sourceTree = "<group>"; };
		5904FAED202E23B500F41421 /* AnchoraContextRepresentable.swift */ = {isa = PBXFileReference; lastKnownFileType = sourcecode.swift; path = AnchoraContextRepresentable.swift; sourceTree = "<group>"; };
		5904FAF4202E68C900F41421 /* Operators.swift */ = {isa = PBXFileReference; lastKnownFileType = sourcecode.swift; path = Operators.swift; sourceTree = "<group>"; };
		5917A636202BEF5D00394F6A /* Anchora.framework */ = {isa = PBXFileReference; explicitFileType = wrapper.framework; includeInIndex = 0; path = Anchora.framework; sourceTree = BUILT_PRODUCTS_DIR; };
		5917A639202BEF5D00394F6A /* Anchora.h */ = {isa = PBXFileReference; lastKnownFileType = sourcecode.c.h; path = Anchora.h; sourceTree = "<group>"; };
		5917A63A202BEF5D00394F6A /* Info.plist */ = {isa = PBXFileReference; lastKnownFileType = text.plist.xml; path = Info.plist; sourceTree = "<group>"; };
		5917A643202BEF9E00394F6A /* UILayoutElement.swift */ = {isa = PBXFileReference; fileEncoding = 4; lastKnownFileType = sourcecode.swift; path = UILayoutElement.swift; sourceTree = "<group>"; };
		5917A646202BEFB700394F6A /* NSLayoutXAxisAnchor.swift */ = {isa = PBXFileReference; fileEncoding = 4; lastKnownFileType = sourcecode.swift; path = NSLayoutXAxisAnchor.swift; sourceTree = "<group>"; };
		5917A64F202BF9CE00394F6A /* AnchoraContext.swift */ = {isa = PBXFileReference; lastKnownFileType = sourcecode.swift; path = AnchoraContext.swift; sourceTree = "<group>"; };
		593E5A6B2032961B009AC391 /* AnchoraConstraintContext.swift */ = {isa = PBXFileReference; lastKnownFileType = sourcecode.swift; path = AnchoraConstraintContext.swift; sourceTree = "<group>"; };
		593E5A6D20338704009AC391 /* NSLayoutAnchor.swift */ = {isa = PBXFileReference; lastKnownFileType = sourcecode.swift; path = NSLayoutAnchor.swift; sourceTree = "<group>"; };
		593FC9A120368A6100B55E38 /* AnchoraInterpolatedRelation.swift */ = {isa = PBXFileReference; lastKnownFileType = sourcecode.swift; path = AnchoraInterpolatedRelation.swift; sourceTree = "<group>"; };
		599FFBEE203C57DE008ECA1B /* RelationRepresentable.swift */ = {isa = PBXFileReference; lastKnownFileType = sourcecode.swift; path = RelationRepresentable.swift; sourceTree = "<group>"; };
		59B466D5202C022D00B114F9 /* NSLayoutYAxisAnchor.swift */ = {isa = PBXFileReference; lastKnownFileType = sourcecode.swift; path = NSLayoutYAxisAnchor.swift; sourceTree = "<group>"; };
		59B466D7202C04C000B114F9 /* NSLayoutDimension.swift */ = {isa = PBXFileReference; lastKnownFileType = sourcecode.swift; path = NSLayoutDimension.swift; sourceTree = "<group>"; };
		59C442D72030EC6D004718A9 /* AnchoraAnchorQuartet.swift */ = {isa = PBXFileReference; lastKnownFileType = sourcecode.swift; path = AnchoraAnchorQuartet.swift; sourceTree = "<group>"; };
		59F09D852103088D00D2B1A2 /* NumericConvertible.swift */ = {isa = PBXFileReference; lastKnownFileType = sourcecode.swift; path = NumericConvertible.swift; sourceTree = "<group>"; };
/* End PBXFileReference section */

/* Begin PBXFrameworksBuildPhase section */
		5917A632202BEF5D00394F6A /* Frameworks */ = {
			isa = PBXFrameworksBuildPhase;
			buildActionMask = 2147483647;
			files = (
			);
			runOnlyForDeploymentPostprocessing = 0;
		};
/* End PBXFrameworksBuildPhase section */

/* Begin PBXGroup section */
		5917A62C202BEF5D00394F6A = {
			isa = PBXGroup;
			children = (
				5917A638202BEF5D00394F6A /* Anchora */,
				5917A637202BEF5D00394F6A /* Products */,
			);
			sourceTree = "<group>";
		};
		5917A637202BEF5D00394F6A /* Products */ = {
			isa = PBXGroup;
			children = (
				5917A636202BEF5D00394F6A /* Anchora.framework */,
			);
			name = Products;
			sourceTree = "<group>";
		};
		5917A638202BEF5D00394F6A /* Anchora */ = {
			isa = PBXGroup;
			children = (
				599FFBEE203C57DE008ECA1B /* RelationRepresentable.swift */,
				593E5A6B2032961B009AC391 /* AnchoraConstraintContext.swift */,
				5917A64F202BF9CE00394F6A /* AnchoraContext.swift */,
				593FC9A120368A6100B55E38 /* AnchoraInterpolatedRelation.swift */,
				5904FAED202E23B500F41421 /* AnchoraContextRepresentable.swift */,
				5904FAF4202E68C900F41421 /* Operators.swift */,
				5917A643202BEF9E00394F6A /* UILayoutElement.swift */,
				59F09D8721030AF700D2B1A2 /* Anchor Groups */,
				59B0C1F62103080300FADD9D /* Numerics */,
				5917A64B202BF3B900394F6A /* Extensions */,
				5917A651202BFA2600394F6A /* Support */,
			);
			path = Anchora;
			sourceTree = "<group>";
		};
		5917A64B202BF3B900394F6A /* Extensions */ = {
			isa = PBXGroup;
			children = (
				5917A64D202BF3D100394F6A /* NS */,
			);
			path = Extensions;
			sourceTree = "<group>";
		};
		5917A64D202BF3D100394F6A /* NS */ = {
			isa = PBXGroup;
			children = (
				5917A646202BEFB700394F6A /* NSLayoutXAxisAnchor.swift */,
				59B466D5202C022D00B114F9 /* NSLayoutYAxisAnchor.swift */,
				59B466D7202C04C000B114F9 /* NSLayoutDimension.swift */,
				593E5A6D20338704009AC391 /* NSLayoutAnchor.swift */,
				5904D712202F93DB0063954A /* NSLayoutConstraint.swift */,
			);
			name = NS;
			sourceTree = "<group>";
		};
		5917A651202BFA2600394F6A /* Support */ = {
			isa = PBXGroup;
			children = (
				5917A639202BEF5D00394F6A /* Anchora.h */,
				5917A63A202BEF5D00394F6A /* Info.plist */,
			);
			name = Support;
			sourceTree = "<group>";
		};
		59B0C1F62103080300FADD9D /* Numerics */ = {
			isa = PBXGroup;
			children = (
				59F09D852103088D00D2B1A2 /* NumericConvertible.swift */,
			);
			path = Numerics;
			sourceTree = "<group>";
		};
		59F09D8721030AF700D2B1A2 /* Anchor Groups */ = {
			isa = PBXGroup;
			children = (
				5904D710202EA9E80063954A /* AnchoraAnchorPair.swift */,
				59C442D72030EC6D004718A9 /* AnchoraAnchorQuartet.swift */,
			);
			path = "Anchor Groups";
			sourceTree = "<group>";
		};
/* End PBXGroup section */

/* Begin PBXHeadersBuildPhase section */
		5917A633202BEF5D00394F6A /* Headers */ = {
			isa = PBXHeadersBuildPhase;
			buildActionMask = 2147483647;
			files = (
				5917A63B202BEF5D00394F6A /* Anchora.h in Headers */,
			);
			runOnlyForDeploymentPostprocessing = 0;
		};
/* End PBXHeadersBuildPhase section */

/* Begin PBXNativeTarget section */
		5917A635202BEF5D00394F6A /* Anchora */ = {
			isa = PBXNativeTarget;
			buildConfigurationList = 5917A63E202BEF5D00394F6A /* Build configuration list for PBXNativeTarget "Anchora" */;
			buildPhases = (
				5917A631202BEF5D00394F6A /* Sources */,
				5917A632202BEF5D00394F6A /* Frameworks */,
				5917A633202BEF5D00394F6A /* Headers */,
				5917A634202BEF5D00394F6A /* Resources */,
			);
			buildRules = (
			);
			dependencies = (
			);
			name = Anchora;
			productName = Anchora;
			productReference = 5917A636202BEF5D00394F6A /* Anchora.framework */;
			productType = "com.apple.product-type.framework";
		};
/* End PBXNativeTarget section */

/* Begin PBXProject section */
		5917A62D202BEF5D00394F6A /* Project object */ = {
			isa = PBXProject;
			attributes = {
				LastUpgradeCheck = 0940;
				ORGANIZATIONNAME = "Anthony Latsis";
				TargetAttributes = {
					5917A635202BEF5D00394F6A = {
						CreatedOnToolsVersion = 9.2;
						LastSwiftMigration = 0920;
						ProvisioningStyle = Automatic;
					};
				};
			};
			buildConfigurationList = 5917A630202BEF5D00394F6A /* Build configuration list for PBXProject "Anchora" */;
			compatibilityVersion = "Xcode 8.0";
			developmentRegion = en;
			hasScannedForEncodings = 0;
			knownRegions = (
				en,
			);
			mainGroup = 5917A62C202BEF5D00394F6A;
			productRefGroup = 5917A637202BEF5D00394F6A /* Products */;
			projectDirPath = "";
			projectRoot = "";
			targets = (
				5917A635202BEF5D00394F6A /* Anchora */,
			);
		};
/* End PBXProject section */

/* Begin PBXResourcesBuildPhase section */
		5917A634202BEF5D00394F6A /* Resources */ = {
			isa = PBXResourcesBuildPhase;
			buildActionMask = 2147483647;
			files = (
			);
			runOnlyForDeploymentPostprocessing = 0;
		};
/* End PBXResourcesBuildPhase section */

/* Begin PBXSourcesBuildPhase section */
		5917A631202BEF5D00394F6A /* Sources */ = {
			isa = PBXSourcesBuildPhase;
			buildActionMask = 2147483647;
			files = (
				5917A645202BEF9E00394F6A /* UILayoutElement.swift in Sources */,
				59F09D862103088D00D2B1A2 /* NumericConvertible.swift in Sources */,
				593E5A6E20338704009AC391 /* NSLayoutAnchor.swift in Sources */,
				59B466D6202C022D00B114F9 /* NSLayoutYAxisAnchor.swift in Sources */,
				5904FAF5202E68C900F41421 /* Operators.swift in Sources */,
				5904D713202F93DB0063954A /* NSLayoutConstraint.swift in Sources */,
				593FC9A220368A6100B55E38 /* AnchoraInterpolatedRelation.swift in Sources */,
				59B466D8202C04C000B114F9 /* NSLayoutDimension.swift in Sources */,
				5904FAEE202E23B500F41421 /* AnchoraContextRepresentable.swift in Sources */,
				5904D711202EA9E80063954A /* AnchoraAnchorPair.swift in Sources */,
				59C442D82030EC6D004718A9 /* AnchoraAnchorQuartet.swift in Sources */,
				599FFBEF203C57DE008ECA1B /* RelationRepresentable.swift in Sources */,
				5917A650202BF9CE00394F6A /* AnchoraContext.swift in Sources */,
				5917A647202BEFB700394F6A /* NSLayoutXAxisAnchor.swift in Sources */,
				593E5A6C2032961B009AC391 /* AnchoraConstraintContext.swift in Sources */,
			);
			runOnlyForDeploymentPostprocessing = 0;
		};
/* End PBXSourcesBuildPhase section */

/* Begin XCBuildConfiguration section */
		5917A63C202BEF5D00394F6A /* Debug */ = {
			isa = XCBuildConfiguration;
			buildSettings = {
				ALWAYS_SEARCH_USER_PATHS = NO;
				CLANG_ANALYZER_NONNULL = YES;
				CLANG_ANALYZER_NUMBER_OBJECT_CONVERSION = YES_AGGRESSIVE;
				CLANG_CXX_LANGUAGE_STANDARD = "gnu++14";
				CLANG_CXX_LIBRARY = "libc++";
				CLANG_ENABLE_MODULES = YES;
				CLANG_ENABLE_OBJC_ARC = YES;
				CLANG_WARN_BLOCK_CAPTURE_AUTORELEASING = YES;
				CLANG_WARN_BOOL_CONVERSION = YES;
				CLANG_WARN_COMMA = YES;
				CLANG_WARN_CONSTANT_CONVERSION = YES;
				CLANG_WARN_DEPRECATED_OBJC_IMPLEMENTATIONS = YES;
				CLANG_WARN_DIRECT_OBJC_ISA_USAGE = YES_ERROR;
				CLANG_WARN_DOCUMENTATION_COMMENTS = YES;
				CLANG_WARN_EMPTY_BODY = YES;
				CLANG_WARN_ENUM_CONVERSION = YES;
				CLANG_WARN_INFINITE_RECURSION = YES;
				CLANG_WARN_INT_CONVERSION = YES;
				CLANG_WARN_NON_LITERAL_NULL_CONVERSION = YES;
				CLANG_WARN_OBJC_IMPLICIT_RETAIN_SELF = YES;
				CLANG_WARN_OBJC_LITERAL_CONVERSION = YES;
				CLANG_WARN_OBJC_ROOT_CLASS = YES_ERROR;
				CLANG_WARN_RANGE_LOOP_ANALYSIS = YES;
				CLANG_WARN_STRICT_PROTOTYPES = YES;
				CLANG_WARN_SUSPICIOUS_MOVE = YES;
				CLANG_WARN_UNGUARDED_AVAILABILITY = YES_AGGRESSIVE;
				CLANG_WARN_UNREACHABLE_CODE = YES;
				CLANG_WARN__DUPLICATE_METHOD_MATCH = YES;
				CODE_SIGN_IDENTITY = "iPhone Developer";
				COPY_PHASE_STRIP = NO;
				CURRENT_PROJECT_VERSION = 1;
				DEBUG_INFORMATION_FORMAT = dwarf;
				ENABLE_STRICT_OBJC_MSGSEND = YES;
				ENABLE_TESTABILITY = YES;
				GCC_C_LANGUAGE_STANDARD = gnu11;
				GCC_DYNAMIC_NO_PIC = NO;
				GCC_NO_COMMON_BLOCKS = YES;
				GCC_OPTIMIZATION_LEVEL = 0;
				GCC_PREPROCESSOR_DEFINITIONS = (
					"DEBUG=1",
					"$(inherited)",
				);
				GCC_WARN_64_TO_32_BIT_CONVERSION = YES;
				GCC_WARN_ABOUT_RETURN_TYPE = YES_ERROR;
				GCC_WARN_UNDECLARED_SELECTOR = YES;
				GCC_WARN_UNINITIALIZED_AUTOS = YES_AGGRESSIVE;
				GCC_WARN_UNUSED_FUNCTION = YES;
				GCC_WARN_UNUSED_VARIABLE = YES;
				IPHONEOS_DEPLOYMENT_TARGET = 10.0;
				MTL_ENABLE_DEBUG_INFO = YES;
				ONLY_ACTIVE_ARCH = YES;
				SDKROOT = iphoneos;
				SWIFT_ACTIVE_COMPILATION_CONDITIONS = DEBUG;
				SWIFT_OPTIMIZATION_LEVEL = "-Onone";
				VERSIONING_SYSTEM = "apple-generic";
				VERSION_INFO_PREFIX = "";
			};
			name = Debug;
		};
		5917A63D202BEF5D00394F6A /* Release */ = {
			isa = XCBuildConfiguration;
			buildSettings = {
				ALWAYS_SEARCH_USER_PATHS = NO;
				CLANG_ANALYZER_NONNULL = YES;
				CLANG_ANALYZER_NUMBER_OBJECT_CONVERSION = YES_AGGRESSIVE;
				CLANG_CXX_LANGUAGE_STANDARD = "gnu++14";
				CLANG_CXX_LIBRARY = "libc++";
				CLANG_ENABLE_MODULES = YES;
				CLANG_ENABLE_OBJC_ARC = YES;
				CLANG_WARN_BLOCK_CAPTURE_AUTORELEASING = YES;
				CLANG_WARN_BOOL_CONVERSION = YES;
				CLANG_WARN_COMMA = YES;
				CLANG_WARN_CONSTANT_CONVERSION = YES;
				CLANG_WARN_DEPRECATED_OBJC_IMPLEMENTATIONS = YES;
				CLANG_WARN_DIRECT_OBJC_ISA_USAGE = YES_ERROR;
				CLANG_WARN_DOCUMENTATION_COMMENTS = YES;
				CLANG_WARN_EMPTY_BODY = YES;
				CLANG_WARN_ENUM_CONVERSION = YES;
				CLANG_WARN_INFINITE_RECURSION = YES;
				CLANG_WARN_INT_CONVERSION = YES;
				CLANG_WARN_NON_LITERAL_NULL_CONVERSION = YES;
				CLANG_WARN_OBJC_IMPLICIT_RETAIN_SELF = YES;
				CLANG_WARN_OBJC_LITERAL_CONVERSION = YES;
				CLANG_WARN_OBJC_ROOT_CLASS = YES_ERROR;
				CLANG_WARN_RANGE_LOOP_ANALYSIS = YES;
				CLANG_WARN_STRICT_PROTOTYPES = YES;
				CLANG_WARN_SUSPICIOUS_MOVE = YES;
				CLANG_WARN_UNGUARDED_AVAILABILITY = YES_AGGRESSIVE;
				CLANG_WARN_UNREACHABLE_CODE = YES;
				CLANG_WARN__DUPLICATE_METHOD_MATCH = YES;
				CODE_SIGN_IDENTITY = "iPhone Developer";
				COPY_PHASE_STRIP = NO;
				CURRENT_PROJECT_VERSION = 1;
				DEBUG_INFORMATION_FORMAT = "dwarf-with-dsym";
				ENABLE_NS_ASSERTIONS = NO;
				ENABLE_STRICT_OBJC_MSGSEND = YES;
				GCC_C_LANGUAGE_STANDARD = gnu11;
				GCC_NO_COMMON_BLOCKS = YES;
				GCC_WARN_64_TO_32_BIT_CONVERSION = YES;
				GCC_WARN_ABOUT_RETURN_TYPE = YES_ERROR;
				GCC_WARN_UNDECLARED_SELECTOR = YES;
				GCC_WARN_UNINITIALIZED_AUTOS = YES_AGGRESSIVE;
				GCC_WARN_UNUSED_FUNCTION = YES;
				GCC_WARN_UNUSED_VARIABLE = YES;
				IPHONEOS_DEPLOYMENT_TARGET = 10.0;
				MTL_ENABLE_DEBUG_INFO = NO;
				SDKROOT = iphoneos;
				SWIFT_OPTIMIZATION_LEVEL = "-Owholemodule";
				VALIDATE_PRODUCT = YES;
				VERSIONING_SYSTEM = "apple-generic";
				VERSION_INFO_PREFIX = "";
			};
			name = Release;
		};
		5917A63F202BEF5D00394F6A /* Debug */ = {
			isa = XCBuildConfiguration;
			buildSettings = {
				CLANG_ENABLE_MODULES = YES;
				CODE_SIGN_IDENTITY = "";
				CODE_SIGN_STYLE = Automatic;
				DEFINES_MODULE = YES;
				DEVELOPMENT_TEAM = P32N4PYSH7;
				DYLIB_COMPATIBILITY_VERSION = 1;
				DYLIB_CURRENT_VERSION = 1;
				DYLIB_INSTALL_NAME_BASE = "@rpath";
				INFOPLIST_FILE = Anchora/Info.plist;
				INSTALL_PATH = "$(LOCAL_LIBRARY_DIR)/Frameworks";
				IPHONEOS_DEPLOYMENT_TARGET = 10.0;
				LD_RUNPATH_SEARCH_PATHS = "$(inherited) @executable_path/Frameworks @loader_path/Frameworks";
				PRODUCT_BUNDLE_IDENTIFIER = none.Anchora;
				PRODUCT_NAME = "$(TARGET_NAME:c99extidentifier)";
				SKIP_INSTALL = YES;
				SWIFT_OPTIMIZATION_LEVEL = "-Onone";
				SWIFT_VERSION = 4.0;
				TARGETED_DEVICE_FAMILY = "1,2";
			};
			name = Debug;
		};
		5917A640202BEF5D00394F6A /* Release */ = {
			isa = XCBuildConfiguration;
			buildSettings = {
				CLANG_ENABLE_MODULES = YES;
				CODE_SIGN_IDENTITY = "";
				CODE_SIGN_STYLE = Automatic;
				DEFINES_MODULE = YES;
				DEVELOPMENT_TEAM = P32N4PYSH7;
				DYLIB_COMPATIBILITY_VERSION = 1;
				DYLIB_CURRENT_VERSION = 1;
				DYLIB_INSTALL_NAME_BASE = "@rpath";
				INFOPLIST_FILE = Anchora/Info.plist;
				INSTALL_PATH = "$(LOCAL_LIBRARY_DIR)/Frameworks";
				IPHONEOS_DEPLOYMENT_TARGET = 10.0;
				LD_RUNPATH_SEARCH_PATHS = "$(inherited) @executable_path/Frameworks @loader_path/Frameworks";
				PRODUCT_BUNDLE_IDENTIFIER = none.Anchora;
				PRODUCT_NAME = "$(TARGET_NAME:c99extidentifier)";
				SKIP_INSTALL = YES;
				SWIFT_VERSION = 4.0;
				TARGETED_DEVICE_FAMILY = "1,2";
			};
			name = Release;
		};
/* End XCBuildConfiguration section */

/* Begin XCConfigurationList section */
		5917A630202BEF5D00394F6A /* Build configuration list for PBXProject "Anchora" */ = {
			isa = XCConfigurationList;
			buildConfigurations = (
				5917A63C202BEF5D00394F6A /* Debug */,
				5917A63D202BEF5D00394F6A /* Release */,
			);
			defaultConfigurationIsVisible = 0;
			defaultConfigurationName = Release;
		};
		5917A63E202BEF5D00394F6A /* Build configuration list for PBXNativeTarget "Anchora" */ = {
			isa = XCConfigurationList;
			buildConfigurations = (
				5917A63F202BEF5D00394F6A /* Debug */,
				5917A640202BEF5D00394F6A /* Release */,
			);
			defaultConfigurationIsVisible = 0;
			defaultConfigurationName = Release;
		};
/* End XCConfigurationList section */
	};
	rootObject = 5917A62D202BEF5D00394F6A /* Project object */;
}
